
Microsoft Visual Studio Solution File, Format Version 12.00
# Visual Studio Version 16
VisualStudioVersion = 16.0.30114.105
MinimumVisualStudioVersion = 10.0.40219.1
Project("{2150E333-8FDC-42A3-9474-1A3956D46DE8}") = "src", "src", "{3890706A-CBD5-484A-ACEF-95DA7746BC62}"
EndProject
Project("{2150E333-8FDC-42A3-9474-1A3956D46DE8}") = "Core", "Core", "{8962720E-D914-4EB3-8649-0B89A4D58BA2}"
EndProject
Project("{FAE04EC0-301F-11D3-BF4B-00C04F79EFBC}") = "Karami.Common", "src\Core\Karami.Common\Karami.Common.csproj", "{DE3A1390-3BBD-408E-A673-231B07EC4A8B}"
EndProject
Project("{FAE04EC0-301F-11D3-BF4B-00C04F79EFBC}") = "Karami.Domain", "src\Core\Karami.Domain\Karami.Domain.csproj", "{019254EB-53BB-4A6C-AE81-E47299745770}"
EndProject
Project("{FAE04EC0-301F-11D3-BF4B-00C04F79EFBC}") = "Karami.UseCase", "src\Core\Karami.UseCase\Karami.UseCase.csproj", "{CD19D77D-B796-4A00-ACBE-74B7EB102D0F}"
EndProject
Project("{2150E333-8FDC-42A3-9474-1A3956D46DE8}") = "Infrastructure", "Infrastructure", "{6E9F2D88-E888-4960-AC69-5E97479C9A1B}"
EndProject
Project("{FAE04EC0-301F-11D3-BF4B-00C04F79EFBC}") = "Karami.Infrastructure", "src\Infrastructure\Karami.Infrastructure\Karami.Infrastructure.csproj", "{66DAC762-BF4C-4642-B016-28BB9B564099}"
EndProject
Project("{2150E333-8FDC-42A3-9474-1A3956D46DE8}") = "Presentation", "Presentation", "{BCF8C073-ABB8-48D9-BDB2-6FB80914C04A}"
EndProject
Project("{FAE04EC0-301F-11D3-BF4B-00C04F79EFBC}") = "Karami.WebAPI", "src\Presentation\Karami.WebAPI\Karami.WebAPI.csproj", "{D8E9AD55-8062-408C-96AC-A4DE619E7D50}"
EndProject
Project("{2150E333-8FDC-42A3-9474-1A3956D46DE8}") = "test", "test", "{2949E507-586E-4CE7-BAC2-DDC69E8C77C5}"
EndProject
Project("{2150E333-8FDC-42A3-9474-1A3956D46DE8}") = "UnitTests", "UnitTests", "{8C42C352-FB59-454F-B2C7-9C05B7570FC8}"
EndProject
Project("{FAE04EC0-301F-11D3-BF4B-00C04F79EFBC}") = "Core", "test\UnitTests\Core\Core.csproj", "{993A74A1-A0B9-49EF-9205-DC0A94CFF155}"
EndProject
Project("{FAE04EC0-301F-11D3-BF4B-00C04F79EFBC}") = "Infrastructure", "test\UnitTests\Infrastructure\Infrastructure.csproj", "{B062F2C7-99EA-494B-802E-E36F548DF75C}"
EndProject
Project("{FAE04EC0-301F-11D3-BF4B-00C04F79EFBC}") = "Presentation", "test\UnitTests\Presentation\Presentation.csproj", "{2DEDBBAC-90DB-4365-9B82-A7736C0535FD}"
EndProject
Project("{2150E333-8FDC-42A3-9474-1A3956D46DE8}") = "E2ETests", "E2ETests", "{06A700C1-7772-4806-BF29-75095F643C48}"
EndProject
Project("{2150E333-8FDC-42A3-9474-1A3956D46DE8}") = "IntegrationTests", "IntegrationTests", "{E7FAF8E8-7732-4907-ABEE-B4E7FB6F53A0}"
EndProject
Project("{FAE04EC0-301F-11D3-BF4B-00C04F79EFBC}") = "Infrastructure", "test\IntegrationTests\Infrastructure\Infrastructure.csproj", "{FEDF113E-73AB-41D5-9CBA-327270421EA2}"
EndProject
Project("{FAE04EC0-301F-11D3-BF4B-00C04F79EFBC}") = "Karami.Persistence", "src\Infrastructure\Karami.Persistence\Karami.Persistence.csproj", "{7C138EC8-AA12-48AA-83B0-FD8A80CFF6F9}"
EndProject
Project("{FAE04EC0-301F-11D3-BF4B-00C04F79EFBC}") = "Presentation", "test\IntegrationTests\Presentation\Presentation.csproj", "{4B059451-B70C-4FA1-8A1B-8AF557677018}"
EndProject
Project("{FAE04EC0-301F-11D3-BF4B-00C04F79EFBC}") = "Presentation", "test\E2ETests\Presentation\Presentation.csproj", "{070FDB50-24C4-4176-AC7A-A8906FE5DD9F}"
EndProject
Global
	GlobalSection(SolutionConfigurationPlatforms) = preSolution
		Debug|Any CPU = Debug|Any CPU
		Release|Any CPU = Release|Any CPU
	EndGlobalSection
	GlobalSection(SolutionProperties) = preSolution
		HideSolutionNode = FALSE
	EndGlobalSection
	GlobalSection(ProjectConfigurationPlatforms) = postSolution
		{DE3A1390-3BBD-408E-A673-231B07EC4A8B}.Debug|Any CPU.ActiveCfg = Debug|Any CPU
		{DE3A1390-3BBD-408E-A673-231B07EC4A8B}.Debug|Any CPU.Build.0 = Debug|Any CPU
		{DE3A1390-3BBD-408E-A673-231B07EC4A8B}.Release|Any CPU.ActiveCfg = Release|Any CPU
		{DE3A1390-3BBD-408E-A673-231B07EC4A8B}.Release|Any CPU.Build.0 = Release|Any CPU
		{019254EB-53BB-4A6C-AE81-E47299745770}.Debug|Any CPU.ActiveCfg = Debug|Any CPU
		{019254EB-53BB-4A6C-AE81-E47299745770}.Debug|Any CPU.Build.0 = Debug|Any CPU
		{019254EB-53BB-4A6C-AE81-E47299745770}.Release|Any CPU.ActiveCfg = Release|Any CPU
		{019254EB-53BB-4A6C-AE81-E47299745770}.Release|Any CPU.Build.0 = Release|Any CPU
		{CD19D77D-B796-4A00-ACBE-74B7EB102D0F}.Debug|Any CPU.ActiveCfg = Debug|Any CPU
		{CD19D77D-B796-4A00-ACBE-74B7EB102D0F}.Debug|Any CPU.Build.0 = Debug|Any CPU
		{CD19D77D-B796-4A00-ACBE-74B7EB102D0F}.Release|Any CPU.ActiveCfg = Release|Any CPU
		{CD19D77D-B796-4A00-ACBE-74B7EB102D0F}.Release|Any CPU.Build.0 = Release|Any CPU
		{66DAC762-BF4C-4642-B016-28BB9B564099}.Debug|Any CPU.ActiveCfg = Debug|Any CPU
		{66DAC762-BF4C-4642-B016-28BB9B564099}.Debug|Any CPU.Build.0 = Debug|Any CPU
		{66DAC762-BF4C-4642-B016-28BB9B564099}.Release|Any CPU.ActiveCfg = Release|Any CPU
		{66DAC762-BF4C-4642-B016-28BB9B564099}.Release|Any CPU.Build.0 = Release|Any CPU
		{D8E9AD55-8062-408C-96AC-A4DE619E7D50}.Debug|Any CPU.ActiveCfg = Debug|Any CPU
		{D8E9AD55-8062-408C-96AC-A4DE619E7D50}.Debug|Any CPU.Build.0 = Debug|Any CPU
		{D8E9AD55-8062-408C-96AC-A4DE619E7D50}.Release|Any CPU.ActiveCfg = Release|Any CPU
		{D8E9AD55-8062-408C-96AC-A4DE619E7D50}.Release|Any CPU.Build.0 = Release|Any CPU
		{993A74A1-A0B9-49EF-9205-DC0A94CFF155}.Debug|Any CPU.ActiveCfg = Debug|Any CPU
		{993A74A1-A0B9-49EF-9205-DC0A94CFF155}.Debug|Any CPU.Build.0 = Debug|Any CPU
		{993A74A1-A0B9-49EF-9205-DC0A94CFF155}.Release|Any CPU.ActiveCfg = Release|Any CPU
		{993A74A1-A0B9-49EF-9205-DC0A94CFF155}.Release|Any CPU.Build.0 = Release|Any CPU
		{B062F2C7-99EA-494B-802E-E36F548DF75C}.Debug|Any CPU.ActiveCfg = Debug|Any CPU
		{B062F2C7-99EA-494B-802E-E36F548DF75C}.Debug|Any CPU.Build.0 = Debug|Any CPU
		{B062F2C7-99EA-494B-802E-E36F548DF75C}.Release|Any CPU.ActiveCfg = Release|Any CPU
		{B062F2C7-99EA-494B-802E-E36F548DF75C}.Release|Any CPU.Build.0 = Release|Any CPU
		{2DEDBBAC-90DB-4365-9B82-A7736C0535FD}.Debug|Any CPU.ActiveCfg = Debug|Any CPU
		{2DEDBBAC-90DB-4365-9B82-A7736C0535FD}.Debug|Any CPU.Build.0 = Debug|Any CPU
		{2DEDBBAC-90DB-4365-9B82-A7736C0535FD}.Release|Any CPU.ActiveCfg = Release|Any CPU
		{2DEDBBAC-90DB-4365-9B82-A7736C0535FD}.Release|Any CPU.Build.0 = Release|Any CPU
		{FEDF113E-73AB-41D5-9CBA-327270421EA2}.Debug|Any CPU.ActiveCfg = Debug|Any CPU
		{FEDF113E-73AB-41D5-9CBA-327270421EA2}.Debug|Any CPU.Build.0 = Debug|Any CPU
		{FEDF113E-73AB-41D5-9CBA-327270421EA2}.Release|Any CPU.ActiveCfg = Release|Any CPU
		{FEDF113E-73AB-41D5-9CBA-327270421EA2}.Release|Any CPU.Build.0 = Release|Any CPU
		{7C138EC8-AA12-48AA-83B0-FD8A80CFF6F9}.Debug|Any CPU.ActiveCfg = Debug|Any CPU
		{7C138EC8-AA12-48AA-83B0-FD8A80CFF6F9}.Debug|Any CPU.Build.0 = Debug|Any CPU
		{7C138EC8-AA12-48AA-83B0-FD8A80CFF6F9}.Release|Any CPU.ActiveCfg = Release|Any CPU
		{7C138EC8-AA12-48AA-83B0-FD8A80CFF6F9}.Release|Any CPU.Build.0 = Release|Any CPU
		{4B059451-B70C-4FA1-8A1B-8AF557677018}.Debug|Any CPU.ActiveCfg = Debug|Any CPU
		{4B059451-B70C-4FA1-8A1B-8AF557677018}.Debug|Any CPU.Build.0 = Debug|Any CPU
		{4B059451-B70C-4FA1-8A1B-8AF557677018}.Release|Any CPU.ActiveCfg = Release|Any CPU
		{4B059451-B70C-4FA1-8A1B-8AF557677018}.Release|Any CPU.Build.0 = Release|Any CPU
		{070FDB50-24C4-4176-AC7A-A8906FE5DD9F}.Debug|Any CPU.ActiveCfg = Debug|Any CPU
		{070FDB50-24C4-4176-AC7A-A8906FE5DD9F}.Debug|Any CPU.Build.0 = Debug|Any CPU
		{070FDB50-24C4-4176-AC7A-A8906FE5DD9F}.Release|Any CPU.ActiveCfg = Release|Any CPU
		{070FDB50-24C4-4176-AC7A-A8906FE5DD9F}.Release|Any CPU.Build.0 = Release|Any CPU
	EndGlobalSection
	GlobalSection(NestedProjects) = preSolution
		{8962720E-D914-4EB3-8649-0B89A4D58BA2} = {3890706A-CBD5-484A-ACEF-95DA7746BC62}
		{DE3A1390-3BBD-408E-A673-231B07EC4A8B} = {8962720E-D914-4EB3-8649-0B89A4D58BA2}
		{019254EB-53BB-4A6C-AE81-E47299745770} = {8962720E-D914-4EB3-8649-0B89A4D58BA2}
		{CD19D77D-B796-4A00-ACBE-74B7EB102D0F} = {8962720E-D914-4EB3-8649-0B89A4D58BA2}
		{6E9F2D88-E888-4960-AC69-5E97479C9A1B} = {3890706A-CBD5-484A-ACEF-95DA7746BC62}
		{66DAC762-BF4C-4642-B016-28BB9B564099} = {6E9F2D88-E888-4960-AC69-5E97479C9A1B}
		{BCF8C073-ABB8-48D9-BDB2-6FB80914C04A} = {3890706A-CBD5-484A-ACEF-95DA7746BC62}
		{D8E9AD55-8062-408C-96AC-A4DE619E7D50} = {BCF8C073-ABB8-48D9-BDB2-6FB80914C04A}
		{8C42C352-FB59-454F-B2C7-9C05B7570FC8} = {2949E507-586E-4CE7-BAC2-DDC69E8C77C5}
		{993A74A1-A0B9-49EF-9205-DC0A94CFF155} = {8C42C352-FB59-454F-B2C7-9C05B7570FC8}
		{B062F2C7-99EA-494B-802E-E36F548DF75C} = {8C42C352-FB59-454F-B2C7-9C05B7570FC8}
		{2DEDBBAC-90DB-4365-9B82-A7736C0535FD} = {8C42C352-FB59-454F-B2C7-9C05B7570FC8}
		{06A700C1-7772-4806-BF29-75095F643C48} = {2949E507-586E-4CE7-BAC2-DDC69E8C77C5}
		{E7FAF8E8-7732-4907-ABEE-B4E7FB6F53A0} = {2949E507-586E-4CE7-BAC2-DDC69E8C77C5}
		{FEDF113E-73AB-41D5-9CBA-327270421EA2} = {E7FAF8E8-7732-4907-ABEE-B4E7FB6F53A0}
		{7C138EC8-AA12-48AA-83B0-FD8A80CFF6F9} = {6E9F2D88-E888-4960-AC69-5E97479C9A1B}
		{4B059451-B70C-4FA1-8A1B-8AF557677018} = {E7FAF8E8-7732-4907-ABEE-B4E7FB6F53A0}
		{070FDB50-24C4-4176-AC7A-A8906FE5DD9F} = {06A700C1-7772-4806-BF29-75095F643C48}
	EndGlobalSection
EndGlobal
